{
  "version": 4,
  "terraform_version": "1.10.5",
  "serial": 69,
  "lineage": "0e57e1ce-e5d1-85e1-a1ad-d7bb6d3bf806",
  "outputs": {
    "backend_firewall_name": {
      "value": "dianerp-allow-backend",
      "type": "string"
    },
    "http_firewall_name": {
      "value": "dianerp-allow-http",
      "type": "string"
    },
    "https_firewall_name": {
      "value": "dianerp-allow-https",
      "type": "string"
    },
    "instance_external_ip": {
      "value": "34.80.249.165",
      "type": "string"
    },
    "instance_id": {
      "value": "projects/dianerp/zones/asia-east1-b/instances/dianerp-server",
      "type": "string"
    },
    "instance_internal_ip": {
      "value": "10.140.0.6",
      "type": "string"
    },
    "instance_machine_type": {
      "value": "e2-micro",
      "type": "string"
    },
    "instance_name": {
      "value": "dianerp-server",
      "type": "string"
    },
    "instance_self_link": {
      "value": "https://www.googleapis.com/compute/v1/projects/dianerp/zones/asia-east1-b/instances/dianerp-server",
      "type": "string"
    },
    "instance_zone": {
      "value": "asia-east1-b",
      "type": "string"
    },
    "ssh_connection_string": {
      "value": "ssh yicyun@34.80.249.165",
      "type": "string"
    },
    "ssh_firewall_name": {
      "value": "dianerp-allow-ssh",
      "type": "string"
    },
    "static_ip_address": {
      "value": "34.80.249.165",
      "type": "string"
    },
    "static_ip_name": {
      "value": "dianerp-server-ip",
      "type": "string"
    }
  },
  "resources": [
    {
      "mode": "managed",
      "type": "google_compute_address",
      "name": "static_ip",
      "provider": "provider[\"registry.terraform.io/hashicorp/google\"]",
      "instances": [
        {
          "schema_version": 0,
          "attributes": {
            "address": "34.80.249.165",
            "address_type": "EXTERNAL",
            "creation_timestamp": "2025-03-28T01:01:37.538-07:00",
            "description": "",
            "effective_labels": {
              "goog-terraform-provisioned": "true"
            },
            "id": "projects/dianerp/regions/asia-east1/addresses/dianerp-server-ip",
            "ip_version": "",
            "ipv6_endpoint_type": "",
            "label_fingerprint": "vezUS-42LLM=",
            "labels": null,
            "name": "dianerp-server-ip",
            "network": "",
            "network_tier": "PREMIUM",
            "prefix_length": 0,
            "project": "dianerp",
            "purpose": "",
            "region": "asia-east1",
            "self_link": "https://www.googleapis.com/compute/v1/projects/dianerp/regions/asia-east1/addresses/dianerp-server-ip",
            "subnetwork": "",
            "terraform_labels": {
              "goog-terraform-provisioned": "true"
            },
            "timeouts": null,
            "users": []
          },
          "sensitive_attributes": [],
          "private": "eyJlMmJmYjczMC1lY2FhLTExZTYtOGY4OC0zNDM2M2JjN2M0YzAiOnsiY3JlYXRlIjoxMjAwMDAwMDAwMDAwLCJkZWxldGUiOjEyMDAwMDAwMDAwMDAsInVwZGF0ZSI6MTIwMDAwMDAwMDAwMH19"
        }
      ]
    },
    {
      "mode": "managed",
      "type": "google_compute_firewall",
      "name": "backend",
      "provider": "provider[\"registry.terraform.io/hashicorp/google\"]",
      "instances": [
        {
          "index_key": 0,
          "schema_version": 1,
          "attributes": {
            "allow": [
              {
                "ports": [
                  "8000",
                  "8080"
                ],
                "protocol": "tcp"
              }
            ],
            "creation_timestamp": "2025-03-28T01:01:37.630-07:00",
            "deny": [],
            "description": "",
            "destination_ranges": [],
            "direction": "INGRESS",
            "disabled": false,
            "enable_logging": null,
            "id": "projects/dianerp/global/firewalls/dianerp-allow-backend",
            "log_config": [],
            "name": "dianerp-allow-backend",
            "network": "https://www.googleapis.com/compute/v1/projects/dianerp/global/networks/default",
            "priority": 1000,
            "project": "dianerp",
            "self_link": "https://www.googleapis.com/compute/v1/projects/dianerp/global/firewalls/dianerp-allow-backend",
            "source_ranges": [
              "0.0.0.0/0"
            ],
            "source_service_accounts": null,
            "source_tags": null,
            "target_service_accounts": null,
            "target_tags": [
              "backend-server"
            ],
            "timeouts": null
          },
          "sensitive_attributes": [],
          "private": "eyJlMmJmYjczMC1lY2FhLTExZTYtOGY4OC0zNDM2M2JjN2M0YzAiOnsiY3JlYXRlIjoxMjAwMDAwMDAwMDAwLCJkZWxldGUiOjEyMDAwMDAwMDAwMDAsInVwZGF0ZSI6MTIwMDAwMDAwMDAwMH0sInNjaGVtYV92ZXJzaW9uIjoiMSJ9"
        }
      ]
    },
    {
      "mode": "managed",
      "type": "google_compute_firewall",
      "name": "http",
      "provider": "provider[\"registry.terraform.io/hashicorp/google\"]",
      "instances": [
        {
          "schema_version": 1,
          "attributes": {
            "allow": [
              {
                "ports": [
                  "80"
                ],
                "protocol": "tcp"
              }
            ],
            "creation_timestamp": "2025-03-28T01:01:37.590-07:00",
            "deny": [],
            "description": "",
            "destination_ranges": [],
            "direction": "INGRESS",
            "disabled": false,
            "enable_logging": null,
            "id": "projects/dianerp/global/firewalls/dianerp-allow-http",
            "log_config": [],
            "name": "dianerp-allow-http",
            "network": "https://www.googleapis.com/compute/v1/projects/dianerp/global/networks/default",
            "priority": 1000,
            "project": "dianerp",
            "self_link": "https://www.googleapis.com/compute/v1/projects/dianerp/global/firewalls/dianerp-allow-http",
            "source_ranges": [
              "0.0.0.0/0"
            ],
            "source_service_accounts": null,
            "source_tags": null,
            "target_service_accounts": null,
            "target_tags": [
              "http-server"
            ],
            "timeouts": null
          },
          "sensitive_attributes": [],
          "private": "eyJlMmJmYjczMC1lY2FhLTExZTYtOGY4OC0zNDM2M2JjN2M0YzAiOnsiY3JlYXRlIjoxMjAwMDAwMDAwMDAwLCJkZWxldGUiOjEyMDAwMDAwMDAwMDAsInVwZGF0ZSI6MTIwMDAwMDAwMDAwMH0sInNjaGVtYV92ZXJzaW9uIjoiMSJ9"
        }
      ]
    },
    {
      "mode": "managed",
      "type": "google_compute_firewall",
      "name": "https",
      "provider": "provider[\"registry.terraform.io/hashicorp/google\"]",
      "instances": [
        {
          "schema_version": 1,
          "attributes": {
            "allow": [
              {
                "ports": [
                  "443"
                ],
                "protocol": "tcp"
              }
            ],
            "creation_timestamp": "2025-03-28T01:01:37.644-07:00",
            "deny": [],
            "description": "",
            "destination_ranges": [],
            "direction": "INGRESS",
            "disabled": false,
            "enable_logging": null,
            "id": "projects/dianerp/global/firewalls/dianerp-allow-https",
            "log_config": [],
            "name": "dianerp-allow-https",
            "network": "https://www.googleapis.com/compute/v1/projects/dianerp/global/networks/default",
            "priority": 1000,
            "project": "dianerp",
            "self_link": "https://www.googleapis.com/compute/v1/projects/dianerp/global/firewalls/dianerp-allow-https",
            "source_ranges": [
              "0.0.0.0/0"
            ],
            "source_service_accounts": null,
            "source_tags": null,
            "target_service_accounts": null,
            "target_tags": [
              "https-server"
            ],
            "timeouts": null
          },
          "sensitive_attributes": [],
          "private": "eyJlMmJmYjczMC1lY2FhLTExZTYtOGY4OC0zNDM2M2JjN2M0YzAiOnsiY3JlYXRlIjoxMjAwMDAwMDAwMDAwLCJkZWxldGUiOjEyMDAwMDAwMDAwMDAsInVwZGF0ZSI6MTIwMDAwMDAwMDAwMH0sInNjaGVtYV92ZXJzaW9uIjoiMSJ9"
        }
      ]
    },
    {
      "mode": "managed",
      "type": "google_compute_firewall",
      "name": "ssh",
      "provider": "provider[\"registry.terraform.io/hashicorp/google\"]",
      "instances": [
        {
          "schema_version": 1,
          "attributes": {
            "allow": [
              {
                "ports": [
                  "22"
                ],
                "protocol": "tcp"
              }
            ],
            "creation_timestamp": "2025-03-28T01:01:37.587-07:00",
            "deny": [],
            "description": "",
            "destination_ranges": [],
            "direction": "INGRESS",
            "disabled": false,
            "enable_logging": null,
            "id": "projects/dianerp/global/firewalls/dianerp-allow-ssh",
            "log_config": [],
            "name": "dianerp-allow-ssh",
            "network": "https://www.googleapis.com/compute/v1/projects/dianerp/global/networks/default",
            "priority": 1000,
            "project": "dianerp",
            "self_link": "https://www.googleapis.com/compute/v1/projects/dianerp/global/firewalls/dianerp-allow-ssh",
            "source_ranges": [
              "0.0.0.0/0"
            ],
            "source_service_accounts": null,
            "source_tags": null,
            "target_service_accounts": null,
            "target_tags": [
              "ssh"
            ],
            "timeouts": null
          },
          "sensitive_attributes": [],
          "private": "eyJlMmJmYjczMC1lY2FhLTExZTYtOGY4OC0zNDM2M2JjN2M0YzAiOnsiY3JlYXRlIjoxMjAwMDAwMDAwMDAwLCJkZWxldGUiOjEyMDAwMDAwMDAwMDAsInVwZGF0ZSI6MTIwMDAwMDAwMDAwMH0sInNjaGVtYV92ZXJzaW9uIjoiMSJ9"
        }
      ]
    },
    {
      "mode": "managed",
      "type": "google_compute_instance",
      "name": "vm_instance",
      "provider": "provider[\"registry.terraform.io/hashicorp/google\"]",
      "instances": [
        {
          "schema_version": 6,
          "attributes": {
            "advanced_machine_features": [],
            "allow_stopping_for_update": true,
            "attached_disk": [],
            "boot_disk": [
              {
                "auto_delete": true,
                "device_name": "persistent-disk-0",
                "disk_encryption_key_raw": "",
                "disk_encryption_key_sha256": "",
                "guest_os_features": [
                  "VIRTIO_SCSI_MULTIQUEUE",
                  "SEV_CAPABLE",
                  "SEV_SNP_CAPABLE",
                  "SEV_LIVE_MIGRATABLE",
                  "SEV_LIVE_MIGRATABLE_V2",
                  "IDPF",
                  "TDX_CAPABLE",
                  "UEFI_COMPATIBLE",
                  "GVNIC"
                ],
                "initialize_params": [
                  {
                    "architecture": "X86_64",
                    "enable_confidential_compute": false,
                    "image": "https://www.googleapis.com/compute/v1/projects/ubuntu-os-cloud/global/images/ubuntu-2204-jammy-v20250312",
                    "labels": {},
                    "provisioned_iops": 0,
                    "provisioned_throughput": 0,
                    "resource_manager_tags": null,
                    "resource_policies": [],
                    "size": 20,
                    "storage_pool": "",
                    "type": "pd-standard"
                  }
                ],
                "interface": "",
                "kms_key_self_link": "",
                "mode": "READ_WRITE",
                "source": "https://www.googleapis.com/compute/v1/projects/dianerp/zones/asia-east1-b/disks/dianerp-server"
              }
            ],
            "can_ip_forward": false,
            "confidential_instance_config": [],
            "cpu_platform": "Intel Broadwell",
            "creation_timestamp": "2025-03-28T01:01:50.993-07:00",
            "current_status": "RUNNING",
            "deletion_protection": false,
            "description": "",
            "desired_status": null,
            "effective_labels": {
              "app": "backend",
              "environment": "production",
              "goog-terraform-provisioned": "true"
            },
            "enable_display": false,
            "guest_accelerator": [],
            "hostname": "",
            "id": "projects/dianerp/zones/asia-east1-b/instances/dianerp-server",
            "instance_id": "2962635157893015937",
            "key_revocation_action_type": "",
            "label_fingerprint": "sJlVmklWWR4=",
            "labels": {
              "app": "backend",
              "environment": "production"
            },
            "machine_type": "e2-micro",
            "metadata": {
              "enable-oslogin": "false",
              "ssh-keys": "yicyun:ssh-rsa AAAAB3NzaC1yc2EAAAADAQABAAACAQC88RJPkeTur6ETnLOixLCA0vLfnLrCCwH868SSm+5BD2vDfF/Nb4hL6lGoAp+UDjrjXmgqtm7YcW+7L7HZuXGOr5e8fi+4OSvR5gQnMB1wJKxJg0a95+sjKgbzoJ1HtXUvsqD0NfVZPoOuQSd0oBp4q9HNTJSt/y+Z1fJ49HMWJVu4j7q/n46XyFyilyweGiG3YLCs1OorwiMf8nXRnt67TDGrqyjzPI1M01UmGwSNo4F6BeTjmkkJRgg570ppMpPmeedWMLe/NDnre9uWAdBkvuVT97JzdMqhim74uhrQOOuZAZLRMHJy0VHCX4rQJR9LTU9WQYLgRGQs5QTunQKeszTYahYe+qvHs/XVIjgovRlx1rp1M+IVILAzTCTowGNSCuFHCm070NwuVPZvwzXgpctUUjc1HIYSBIS2ed+Jdc3mh01rjAAxgDoVYwFEOEZ43q9J7zR4QVXFOXU9qhxh0N8ApnZMK24hnxCbL6iGem6JNGFbpvE/91hOZpXYc0xpCZkhy1AS+uOxp2uV5HdGohm1abCCn1Jk3lqYlz/fRY23//kxcyhWN3k77S6YIiHc/s5wB/SQEI/jntVF9dHeJJ8V2i1sD4CVjzAn+g8OMzbQpynUUBp4md44QFyiOF4DGGKdvAOLutQt3DZIa3fIBgZHxMbQnmhJruH1Fi4lQw== kelly@chengchitech.com\n"
            },
            "metadata_fingerprint": "-2gpABoxctg=",
            "metadata_startup_script": null,
            "min_cpu_platform": "",
            "name": "dianerp-server",
            "network_interface": [
              {
                "access_config": [
                  {
                    "nat_ip": "34.80.249.165",
                    "network_tier": "PREMIUM",
                    "public_ptr_domain_name": ""
                  }
                ],
                "alias_ip_range": [],
                "internal_ipv6_prefix_length": 0,
                "ipv6_access_config": [],
                "ipv6_access_type": "",
                "ipv6_address": "",
                "name": "nic0",
                "network": "https://www.googleapis.com/compute/v1/projects/dianerp/global/networks/default",
                "network_attachment": "",
                "network_ip": "10.140.0.6",
                "nic_type": "",
                "queue_count": 0,
                "stack_type": "IPV4_ONLY",
                "subnetwork": "https://www.googleapis.com/compute/v1/projects/dianerp/regions/asia-east1/subnetworks/default",
                "subnetwork_project": "dianerp"
              }
            ],
            "network_performance_config": [],
            "params": [],
            "project": "dianerp",
            "reservation_affinity": [],
            "resource_policies": null,
            "scheduling": [
              {
                "automatic_restart": true,
                "availability_domain": 0,
                "instance_termination_action": "",
                "local_ssd_recovery_timeout": [],
                "max_run_duration": [],
                "min_node_cpus": 0,
                "node_affinities": [],
                "on_host_maintenance": "MIGRATE",
                "on_instance_stop_action": [],
                "preemptible": false,
                "provisioning_model": "STANDARD",
                "termination_time": ""
              }
            ],
            "scratch_disk": [],
            "self_link": "https://www.googleapis.com/compute/v1/projects/dianerp/zones/asia-east1-b/instances/dianerp-server",
            "service_account": [
              {
                "email": "503980558684-compute@developer.gserviceaccount.com",
                "scopes": [
                  "https://www.googleapis.com/auth/cloud-platform"
                ]
              }
            ],
            "shielded_instance_config": [
              {
                "enable_integrity_monitoring": true,
                "enable_secure_boot": false,
                "enable_vtpm": true
              }
            ],
            "tags": [
              "http-server",
              "https-server",
              "ssh"
            ],
            "tags_fingerprint": "xEi19su0rvw=",
            "terraform_labels": {
              "app": "backend",
              "environment": "production",
              "goog-terraform-provisioned": "true"
            },
            "timeouts": null,
            "zone": "asia-east1-b"
          },
          "sensitive_attributes": [
            [
              {
                "type": "get_attr",
                "value": "boot_disk"
              },
              {
                "type": "index",
                "value": {
                  "value": 0,
                  "type": "number"
                }
              },
              {
                "type": "get_attr",
                "value": "disk_encryption_key_raw"
              }
            ]
          ],
          "private": "eyJlMmJmYjczMC1lY2FhLTExZTYtOGY4OC0zNDM2M2JjN2M0YzAiOnsiY3JlYXRlIjoxMjAwMDAwMDAwMDAwLCJkZWxldGUiOjEyMDAwMDAwMDAwMDAsInVwZGF0ZSI6MTIwMDAwMDAwMDAwMH0sInNjaGVtYV92ZXJzaW9uIjoiNiJ9",
          "dependencies": [
            "google_compute_address.static_ip",
            "google_compute_firewall.backend",
            "google_compute_firewall.http",
            "google_compute_firewall.https",
            "google_compute_firewall.ssh"
          ]
        }
      ]
    }
  ],
  "check_results": null
}
